PODS:
  - Flutter (1.0.0)
  - galli_vector_plugin (0.0.1):
    - Flutter
    - MapLibre (= 5.14.0-pre3)
  - MapLibre (5.14.0-pre3)

DEPENDENCIES:
  - Flutter (from `Flutter`)
  - galli_vector_plugin (from `.symlinks/plugins/galli_vector_plugin/ios`)

SPEC REPOS:
  trunk:
    - MapLibre

EXTERNAL SOURCES:
  Flutter:
    :path: Flutter
  galli_vector_plugin:
    :path: ".symlinks/plugins/galli_vector_plugin/ios"

SPEC CHECKSUMS:
  Flutter: f04841e97a9d0b0a8025694d0796dd46242b2854
  galli_vector_plugin: 8c18144f7d835af747b68f25a635bab2e9786429
  MapLibre: 620fc933c1d6029b33738c905c1490d024e5d4ef

PODFILE CHECKSUM: 70d9d25280d0dd177a5f637cdb0f0b0b12c6a189

COCOAPODS: 1.12.1
